
Microsoft Visual Studio Solution File, Format Version 12.00
# Visual Studio Version 17
VisualStudioVersion = 17.11.35327.3
MinimumVisualStudioVersion = 10.0.40219.1
Project("{FAE04EC0-301F-11D3-BF4B-00C04F79EFBC}") = "StoreApp.Web", "StoreApp.Web\StoreApp.Web.csproj", "{931B8CB4-30F6-4ACC-9B68-1BBA71D13AB4}"
EndProject
Project("{FAE04EC0-301F-11D3-BF4B-00C04F79EFBC}") = "StoreApp.Data", "StoreApp.Data\StoreApp.Data.csproj", "{C3FB12BC-7597-45AE-B73C-901BC142A294}"
EndProject
Global
	GlobalSection(SolutionConfigurationPlatforms) = preSolution
		Debug|Any CPU = Debug|Any CPU
		Release|Any CPU = Release|Any CPU
	EndGlobalSection
	GlobalSection(ProjectConfigurationPlatforms) = postSolution
		{931B8CB4-30F6-4ACC-9B68-1BBA71D13AB4}.Debug|Any CPU.ActiveCfg = Debug|Any CPU
		{931B8CB4-30F6-4ACC-9B68-1BBA71D13AB4}.Debug|Any CPU.Build.0 = Debug|Any CPU
		{931B8CB4-30F6-4ACC-9B68-1BBA71D13AB4}.Release|Any CPU.ActiveCfg = Release|Any CPU
		{931B8CB4-30F6-4ACC-9B68-1BBA71D13AB4}.Release|Any CPU.Build.0 = Release|Any CPU
		{C3FB12BC-7597-45AE-B73C-901BC142A294}.Debug|Any CPU.ActiveCfg = Debug|Any CPU
		{C3FB12BC-7597-45AE-B73C-901BC142A294}.Debug|Any CPU.Build.0 = Debug|Any CPU
		{C3FB12BC-7597-45AE-B73C-901BC142A294}.Release|Any CPU.ActiveCfg = Release|Any CPU
		{C3FB12BC-7597-45AE-B73C-901BC142A294}.Release|Any CPU.Build.0 = Release|Any CPU
	EndGlobalSection
	GlobalSection(SolutionProperties) = preSolution
		HideSolutionNode = FALSE
	EndGlobalSection
	GlobalSection(ExtensibilityGlobals) = postSolution
		SolutionGuid = {00CD32BF-E3BE-45E9-914F-A62EB5D4964E}
	EndGlobalSection
EndGlobal
