
Microsoft Visual Studio Solution File, Format Version 12.00
# Visual Studio Version 17
VisualStudioVersion = 17.9.34728.123
MinimumVisualStudioVersion = 10.0.40219.1
Project("{FAE04EC0-301F-11D3-BF4B-00C04F79EFBC}") = "EFcoreApp", "EFcoreApp.csproj", "{44E5A096-CC63-4AA2-AF6A-544615FD30B3}"
EndProject
Global
	GlobalSection(SolutionConfigurationPlatforms) = preSolution
		Debug|Any CPU = Debug|Any CPU
		Release|Any CPU = Release|Any CPU
	EndGlobalSection
	GlobalSection(ProjectConfigurationPlatforms) = postSolution
		{44E5A096-CC63-4AA2-AF6A-544615FD30B3}.Debug|Any CPU.ActiveCfg = Debug|Any CPU
		{44E5A096-CC63-4AA2-AF6A-544615FD30B3}.Debug|Any CPU.Build.0 = Debug|Any CPU
		{44E5A096-CC63-4AA2-AF6A-544615FD30B3}.Release|Any CPU.ActiveCfg = Release|Any CPU
		{44E5A096-CC63-4AA2-AF6A-544615FD30B3}.Release|Any CPU.Build.0 = Release|Any CPU
	EndGlobalSection
	GlobalSection(SolutionProperties) = preSolution
		HideSolutionNode = FALSE
	EndGlobalSection
	GlobalSection(ExtensibilityGlobals) = postSolution
		SolutionGuid = {370AB37F-3420-4A07-B9BE-487FC9751657}
	EndGlobalSection
EndGlobal
